PODS:
  - Nimble (7.1.2)
  - SwiftyCloudKit (0.1.7)

DEPENDENCIES:
  - Nimble
  - SwiftyCloudKit (from `../`)

EXTERNAL SOURCES:
  SwiftyCloudKit:
    :path: ../

SPEC CHECKSUMS:
  Nimble: 3835ba9f459daa6b347f8a8e110aaae8ca1920a8
  SwiftyCloudKit: 26dfecb8a017d11849d7ebf925ab6b6a0e1519c9

PODFILE CHECKSUM: beceeb62ebd7a50cfe223d2b2b65916bb24c34ad

COCOAPODS: 1.4.0
