// !$*UTF8*$!
{
	archiveVersion = 1;
	classes = {
	};
	objectVersion = 46;
	objects = {

/* Begin PBXBuildFile section */
		607FACD61AFB9204008FA782 /* AppDelegate.swift in Sources */ = {isa = PBXBuildFile; fileRef = 607FACD51AFB9204008FA782 /* AppDelegate.swift */; };
		607FACDB1AFB9204008FA782 /* Main.storyboard in Resources */ = {isa = PBXBuildFile; fileRef = 607FACD91AFB9204008FA782 /* Main.storyboard */; };
		607FACDD1AFB9204008FA782 /* Images.xcassets in Resources */ = {isa = PBXBuildFile; fileRef = 607FACDC1AFB9204008FA782 /* Images.xcassets */; };
		607FACE01AFB9204008FA782 /* LaunchScreen.xib in Resources */ = {isa = PBXBuildFile; fileRef = 607FACDE1AFB9204008FA782 /* LaunchScreen.xib */; };
		607FACEC1AFB9204008FA782 /* Tests.swift in Sources */ = {isa = PBXBuildFile; fileRef = 607FACEB1AFB9204008FA782 /* Tests.swift */; };
		78153525AB82FFE74839518F /* Pods_SwiftyCloudKit_watchOS.framework in Frameworks */ = {isa = PBXBuildFile; fileRef = D96DEF0AAAFDE86BAA9699A5 /* Pods_SwiftyCloudKit_watchOS.framework */; };
		843D5BFF1265FA0427A35392 /* Pods_SwiftyCloudKit_watchOS_Extension.framework in Frameworks */ = {isa = PBXBuildFile; fileRef = 7DCE854B9C5BE78C793B833C /* Pods_SwiftyCloudKit_watchOS_Extension.framework */; };
		AD1C2D042032021800F0A646 /* AppDelegate.swift in Sources */ = {isa = PBXBuildFile; fileRef = AD1C2D032032021800F0A646 /* AppDelegate.swift */; };
		AD1C2D092032021800F0A646 /* Main.storyboard in Resources */ = {isa = PBXBuildFile; fileRef = AD1C2D072032021800F0A646 /* Main.storyboard */; };
		AD1C2D0B2032021900F0A646 /* Assets.xcassets in Resources */ = {isa = PBXBuildFile; fileRef = AD1C2D0A2032021900F0A646 /* Assets.xcassets */; };
		AD1C2D102032065800F0A646 /* SwiftyCloudKitTableViewController.swift in Sources */ = {isa = PBXBuildFile; fileRef = AD9E5CF72030C8AB00922106 /* SwiftyCloudKitTableViewController.swift */; };
		AD1C2D1220322A7D00F0A646 /* CloudKit.framework in Frameworks */ = {isa = PBXBuildFile; fileRef = AD9E5D0D2030D16A00922106 /* CloudKit.framework */; };
		AD20C1D6202A3E9000DA003F /* CloudKit.framework in Frameworks */ = {isa = PBXBuildFile; fileRef = AD20C1D5202A3E9000DA003F /* CloudKit.framework */; };
		AD56B450204150D200641422 /* CloudRowController.swift in Sources */ = {isa = PBXBuildFile; fileRef = AD56B44F204150D200641422 /* CloudRowController.swift */; };
		AD9E5CF82030C8AB00922106 /* SwiftyCloudKitTableViewController.swift in Sources */ = {isa = PBXBuildFile; fileRef = AD9E5CF72030C8AB00922106 /* SwiftyCloudKitTableViewController.swift */; };
		ADEB6F79203CAB6D00C3C02D /* Interface.storyboard in Resources */ = {isa = PBXBuildFile; fileRef = ADEB6F77203CAB6D00C3C02D /* Interface.storyboard */; };
		ADEB6F7B203CAB6D00C3C02D /* Assets.xcassets in Resources */ = {isa = PBXBuildFile; fileRef = ADEB6F7A203CAB6D00C3C02D /* Assets.xcassets */; };
		ADEB6F82203CAB6D00C3C02D /* SwiftyCloudKit_watchOS Extension.appex in Embed App Extensions */ = {isa = PBXBuildFile; fileRef = ADEB6F81203CAB6D00C3C02D /* SwiftyCloudKit_watchOS Extension.appex */; settings = {ATTRIBUTES = (RemoveHeadersOnCopy, ); }; };
		ADEB6F87203CAB6D00C3C02D /* InterfaceController.swift in Sources */ = {isa = PBXBuildFile; fileRef = ADEB6F86203CAB6D00C3C02D /* InterfaceController.swift */; };
		ADEB6F89203CAB6D00C3C02D /* ExtensionDelegate.swift in Sources */ = {isa = PBXBuildFile; fileRef = ADEB6F88203CAB6D00C3C02D /* ExtensionDelegate.swift */; };
		ADEB6F8D203CAB6D00C3C02D /* Assets.xcassets in Resources */ = {isa = PBXBuildFile; fileRef = ADEB6F8C203CAB6D00C3C02D /* Assets.xcassets */; };
		ADEB6F92203CAB6D00C3C02D /* SwiftyCloudKit_watchOS.app in Embed Watch Content */ = {isa = PBXBuildFile; fileRef = ADEB6F75203CAB6D00C3C02D /* SwiftyCloudKit_watchOS.app */; };
		B15A29BD67F08A73918123E5 /* Pods_SwiftyCloudKit_Tests.framework in Frameworks */ = {isa = PBXBuildFile; fileRef = 390AC867882B01244B9C8A7C /* Pods_SwiftyCloudKit_Tests.framework */; };
		CB5F8E3DDA259144A862A180 /* Pods_SwiftyCloudKit_Example.framework in Frameworks */ = {isa = PBXBuildFile; fileRef = 3F3F7BD7B8CD26638D536A04 /* Pods_SwiftyCloudKit_Example.framework */; };
		E39FF991E0C6C4A70F602A8D /* Pods_SwifyCloudKit_tvOS.framework in Frameworks */ = {isa = PBXBuildFile; fileRef = FC97CCD1C27EC0CEA701CD48 /* Pods_SwifyCloudKit_tvOS.framework */; };
/* End PBXBuildFile section */

/* Begin PBXContainerItemProxy section */
		607FACE61AFB9204008FA782 /* PBXContainerItemProxy */ = {
			isa = PBXContainerItemProxy;
			containerPortal = 607FACC81AFB9204008FA782 /* Project object */;
			proxyType = 1;
			remoteGlobalIDString = 607FACCF1AFB9204008FA782;
			remoteInfo = SwiftyCloudKit;
		};
		ADEB6F83203CAB6D00C3C02D /* PBXContainerItemProxy */ = {
			isa = PBXContainerItemProxy;
			containerPortal = 607FACC81AFB9204008FA782 /* Project object */;
			proxyType = 1;
			remoteGlobalIDString = ADEB6F80203CAB6D00C3C02D;
			remoteInfo = "SwiftyCloudKit_watchOS Extension";
		};
		ADEB6F90203CAB6D00C3C02D /* PBXContainerItemProxy */ = {
			isa = PBXContainerItemProxy;
			containerPortal = 607FACC81AFB9204008FA782 /* Project object */;
			proxyType = 1;
			remoteGlobalIDString = ADEB6F74203CAB6D00C3C02D;
			remoteInfo = SwiftyCloudKit_watchOS;
		};
/* End PBXContainerItemProxy section */

/* Begin PBXCopyFilesBuildPhase section */
		ADEB6F98203CAB6D00C3C02D /* Embed App Extensions */ = {
			isa = PBXCopyFilesBuildPhase;
			buildActionMask = 2147483647;
			dstPath = "";
			dstSubfolderSpec = 13;
			files = (
				ADEB6F82203CAB6D00C3C02D /* SwiftyCloudKit_watchOS Extension.appex in Embed App Extensions */,
			);
			name = "Embed App Extensions";
			runOnlyForDeploymentPostprocessing = 0;
		};
		ADEB6F9A203CAB6D00C3C02D /* Embed Watch Content */ = {
			isa = PBXCopyFilesBuildPhase;
			buildActionMask = 2147483647;
			dstPath = "$(CONTENTS_FOLDER_PATH)/Watch";
			dstSubfolderSpec = 16;
			files = (
				ADEB6F92203CAB6D00C3C02D /* SwiftyCloudKit_watchOS.app in Embed Watch Content */,
			);
			name = "Embed Watch Content";
			runOnlyForDeploymentPostprocessing = 0;
		};
/* End PBXCopyFilesBuildPhase section */

/* Begin PBXFileReference section */
		247BFA7D62E9451313631737 /* Pods-SwiftyCloudKit_watchOS.debug.xcconfig */ = {isa = PBXFileReference; includeInIndex = 1; lastKnownFileType = text.xcconfig; name = "Pods-SwiftyCloudKit_watchOS.debug.xcconfig"; path = "Pods/Target Support Files/Pods-SwiftyCloudKit_watchOS/Pods-SwiftyCloudKit_watchOS.debug.xcconfig"; sourceTree = "<group>"; };
		2F881FC9397FFDC33A0755BC /* Pods-SwifyCloudKit_tvOS.release.xcconfig */ = {isa = PBXFileReference; includeInIndex = 1; lastKnownFileType = text.xcconfig; name = "Pods-SwifyCloudKit_tvOS.release.xcconfig"; path = "Pods/Target Support Files/Pods-SwifyCloudKit_tvOS/Pods-SwifyCloudKit_tvOS.release.xcconfig"; sourceTree = "<group>"; };
		390AC867882B01244B9C8A7C /* Pods_SwiftyCloudKit_Tests.framework */ = {isa = PBXFileReference; explicitFileType = wrapper.framework; includeInIndex = 0; path = Pods_SwiftyCloudKit_Tests.framework; sourceTree = BUILT_PRODUCTS_DIR; };
		3F3F7BD7B8CD26638D536A04 /* Pods_SwiftyCloudKit_Example.framework */ = {isa = PBXFileReference; explicitFileType = wrapper.framework; includeInIndex = 0; path = Pods_SwiftyCloudKit_Example.framework; sourceTree = BUILT_PRODUCTS_DIR; };
		607FACD01AFB9204008FA782 /* SwiftyCloudKit_Example.app */ = {isa = PBXFileReference; explicitFileType = wrapper.application; includeInIndex = 0; path = SwiftyCloudKit_Example.app; sourceTree = BUILT_PRODUCTS_DIR; };
		607FACD41AFB9204008FA782 /* Info.plist */ = {isa = PBXFileReference; lastKnownFileType = text.plist.xml; path = Info.plist; sourceTree = "<group>"; };
		607FACD51AFB9204008FA782 /* AppDelegate.swift */ = {isa = PBXFileReference; lastKnownFileType = sourcecode.swift; path = AppDelegate.swift; sourceTree = "<group>"; };
		607FACDA1AFB9204008FA782 /* Base */ = {isa = PBXFileReference; lastKnownFileType = file.storyboard; name = Base; path = Base.lproj/Main.storyboard; sourceTree = "<group>"; };
		607FACDC1AFB9204008FA782 /* Images.xcassets */ = {isa = PBXFileReference; lastKnownFileType = folder.assetcatalog; path = Images.xcassets; sourceTree = "<group>"; };
		607FACDF1AFB9204008FA782 /* Base */ = {isa = PBXFileReference; lastKnownFileType = file.xib; name = Base; path = Base.lproj/LaunchScreen.xib; sourceTree = "<group>"; };
		607FACE51AFB9204008FA782 /* SwiftyCloudKit_Tests.xctest */ = {isa = PBXFileReference; explicitFileType = wrapper.cfbundle; includeInIndex = 0; path = SwiftyCloudKit_Tests.xctest; sourceTree = BUILT_PRODUCTS_DIR; };
		607FACEA1AFB9204008FA782 /* Info.plist */ = {isa = PBXFileReference; lastKnownFileType = text.plist.xml; path = Info.plist; sourceTree = "<group>"; };
		607FACEB1AFB9204008FA782 /* Tests.swift */ = {isa = PBXFileReference; lastKnownFileType = sourcecode.swift; path = Tests.swift; sourceTree = "<group>"; };
		620BBDE9CCFC58A4B2CC9133 /* Pods-SwiftyCloudKit_Tests.debug.xcconfig */ = {isa = PBXFileReference; includeInIndex = 1; lastKnownFileType = text.xcconfig; name = "Pods-SwiftyCloudKit_Tests.debug.xcconfig"; path = "Pods/Target Support Files/Pods-SwiftyCloudKit_Tests/Pods-SwiftyCloudKit_Tests.debug.xcconfig"; sourceTree = "<group>"; };
		6AE7C3CB5680D1C1E3993388 /* SwiftyCloudKit.podspec */ = {isa = PBXFileReference; includeInIndex = 1; lastKnownFileType = text; name = SwiftyCloudKit.podspec; path = ../SwiftyCloudKit.podspec; sourceTree = "<group>"; xcLanguageSpecificationIdentifier = xcode.lang.ruby; };
		6D6702711362E780BB6710C6 /* Pods-SwiftyCloudKit_watchOS Extension.release.xcconfig */ = {isa = PBXFileReference; includeInIndex = 1; lastKnownFileType = text.xcconfig; name = "Pods-SwiftyCloudKit_watchOS Extension.release.xcconfig"; path = "Pods/Target Support Files/Pods-SwiftyCloudKit_watchOS Extension/Pods-SwiftyCloudKit_watchOS Extension.release.xcconfig"; sourceTree = "<group>"; };
		7DCE854B9C5BE78C793B833C /* Pods_SwiftyCloudKit_watchOS_Extension.framework */ = {isa = PBXFileReference; explicitFileType = wrapper.framework; includeInIndex = 0; path = Pods_SwiftyCloudKit_watchOS_Extension.framework; sourceTree = BUILT_PRODUCTS_DIR; };
		89520218A6687CCB6FB3345B /* LICENSE */ = {isa = PBXFileReference; includeInIndex = 1; lastKnownFileType = text; name = LICENSE; path = ../LICENSE; sourceTree = "<group>"; };
		AD1C2D012032021800F0A646 /* SwifyCloudKit_tvOS.app */ = {isa = PBXFileReference; explicitFileType = wrapper.application; includeInIndex = 0; path = SwifyCloudKit_tvOS.app; sourceTree = BUILT_PRODUCTS_DIR; };
		AD1C2D032032021800F0A646 /* AppDelegate.swift */ = {isa = PBXFileReference; lastKnownFileType = sourcecode.swift; path = AppDelegate.swift; sourceTree = "<group>"; };
		AD1C2D082032021800F0A646 /* Base */ = {isa = PBXFileReference; lastKnownFileType = file.storyboard; name = Base; path = Base.lproj/Main.storyboard; sourceTree = "<group>"; };
		AD1C2D0A2032021900F0A646 /* Assets.xcassets */ = {isa = PBXFileReference; lastKnownFileType = folder.assetcatalog; path = Assets.xcassets; sourceTree = "<group>"; };
		AD1C2D0C2032021900F0A646 /* Info.plist */ = {isa = PBXFileReference; lastKnownFileType = text.plist.xml; path = Info.plist; sourceTree = "<group>"; };
		AD1C2D1120322A6D00F0A646 /* SwifyCloudKit_tvOS.entitlements */ = {isa = PBXFileReference; lastKnownFileType = text.plist.entitlements; path = SwifyCloudKit_tvOS.entitlements; sourceTree = "<group>"; };
		AD20C1D4202A3E8200DA003F /* SwiftyCloudKit_Example.entitlements */ = {isa = PBXFileReference; lastKnownFileType = text.plist.entitlements; path = SwiftyCloudKit_Example.entitlements; sourceTree = "<group>"; };
		AD20C1D5202A3E9000DA003F /* CloudKit.framework */ = {isa = PBXFileReference; lastKnownFileType = wrapper.framework; name = CloudKit.framework; path = System/Library/Frameworks/CloudKit.framework; sourceTree = SDKROOT; };
		AD56B44F204150D200641422 /* CloudRowController.swift */ = {isa = PBXFileReference; lastKnownFileType = sourcecode.swift; path = CloudRowController.swift; sourceTree = "<group>"; };
		AD9E5CF72030C8AB00922106 /* SwiftyCloudKitTableViewController.swift */ = {isa = PBXFileReference; fileEncoding = 4; lastKnownFileType = sourcecode.swift; path = SwiftyCloudKitTableViewController.swift; sourceTree = "<group>"; };
		AD9E5D0D2030D16A00922106 /* CloudKit.framework */ = {isa = PBXFileReference; lastKnownFileType = wrapper.framework; name = CloudKit.framework; path = Platforms/AppleTVOS.platform/Developer/SDKs/AppleTVOS11.2.sdk/System/Library/Frameworks/CloudKit.framework; sourceTree = DEVELOPER_DIR; };
		AD9E5D142030D2F600922106 /* Pods_SwiftyCloudKit_Example.framework */ = {isa = PBXFileReference; explicitFileType = wrapper.framework; path = Pods_SwiftyCloudKit_Example.framework; sourceTree = BUILT_PRODUCTS_DIR; };
		ADEB6F75203CAB6D00C3C02D /* SwiftyCloudKit_watchOS.app */ = {isa = PBXFileReference; explicitFileType = wrapper.application; includeInIndex = 0; path = SwiftyCloudKit_watchOS.app; sourceTree = BUILT_PRODUCTS_DIR; };
		ADEB6F78203CAB6D00C3C02D /* Base */ = {isa = PBXFileReference; lastKnownFileType = file.storyboard; name = Base; path = Base.lproj/Interface.storyboard; sourceTree = "<group>"; };
		ADEB6F7A203CAB6D00C3C02D /* Assets.xcassets */ = {isa = PBXFileReference; lastKnownFileType = folder.assetcatalog; path = Assets.xcassets; sourceTree = "<group>"; };
		ADEB6F7C203CAB6D00C3C02D /* Info.plist */ = {isa = PBXFileReference; lastKnownFileType = text.plist.xml; path = Info.plist; sourceTree = "<group>"; };
		ADEB6F81203CAB6D00C3C02D /* SwiftyCloudKit_watchOS Extension.appex */ = {isa = PBXFileReference; explicitFileType = "wrapper.app-extension"; includeInIndex = 0; path = "SwiftyCloudKit_watchOS Extension.appex"; sourceTree = BUILT_PRODUCTS_DIR; };
		ADEB6F86203CAB6D00C3C02D /* InterfaceController.swift */ = {isa = PBXFileReference; lastKnownFileType = sourcecode.swift; path = InterfaceController.swift; sourceTree = "<group>"; };
		ADEB6F88203CAB6D00C3C02D /* ExtensionDelegate.swift */ = {isa = PBXFileReference; lastKnownFileType = sourcecode.swift; path = ExtensionDelegate.swift; sourceTree = "<group>"; };
		ADEB6F8C203CAB6D00C3C02D /* Assets.xcassets */ = {isa = PBXFileReference; lastKnownFileType = folder.assetcatalog; path = Assets.xcassets; sourceTree = "<group>"; };
		ADEB6F8E203CAB6D00C3C02D /* Info.plist */ = {isa = PBXFileReference; lastKnownFileType = text.plist.xml; path = Info.plist; sourceTree = "<group>"; };
		ADEB6F8F203CAB6D00C3C02D /* PushNotificationPayload.apns */ = {isa = PBXFileReference; lastKnownFileType = text; path = PushNotificationPayload.apns; sourceTree = "<group>"; };
		B192268517754873FD2F242B /* Pods-SwifyCloudKit_tvOS.debug.xcconfig */ = {isa = PBXFileReference; includeInIndex = 1; lastKnownFileType = text.xcconfig; name = "Pods-SwifyCloudKit_tvOS.debug.xcconfig"; path = "Pods/Target Support Files/Pods-SwifyCloudKit_tvOS/Pods-SwifyCloudKit_tvOS.debug.xcconfig"; sourceTree = "<group>"; };
		B7C281D1D120BDF9C29797B6 /* Pods-SwiftyCloudKit_Example.release.xcconfig */ = {isa = PBXFileReference; includeInIndex = 1; lastKnownFileType = text.xcconfig; name = "Pods-SwiftyCloudKit_Example.release.xcconfig"; path = "Pods/Target Support Files/Pods-SwiftyCloudKit_Example/Pods-SwiftyCloudKit_Example.release.xcconfig"; sourceTree = "<group>"; };
		C2E263EECBD18AE0E7E45162 /* Pods-SwiftyCloudKit_Tests.release.xcconfig */ = {isa = PBXFileReference; includeInIndex = 1; lastKnownFileType = text.xcconfig; name = "Pods-SwiftyCloudKit_Tests.release.xcconfig"; path = "Pods/Target Support Files/Pods-SwiftyCloudKit_Tests/Pods-SwiftyCloudKit_Tests.release.xcconfig"; sourceTree = "<group>"; };
		C736D2DF8FEA85D4553C8FC3 /* Pods-SwiftyCloudKit_watchOS.release.xcconfig */ = {isa = PBXFileReference; includeInIndex = 1; lastKnownFileType = text.xcconfig; name = "Pods-SwiftyCloudKit_watchOS.release.xcconfig"; path = "Pods/Target Support Files/Pods-SwiftyCloudKit_watchOS/Pods-SwiftyCloudKit_watchOS.release.xcconfig"; sourceTree = "<group>"; };
		D732B828A3902EE00A98565D /* README.md */ = {isa = PBXFileReference; includeInIndex = 1; lastKnownFileType = net.daringfireball.markdown; name = README.md; path = ../README.md; sourceTree = "<group>"; };
		D96DEF0AAAFDE86BAA9699A5 /* Pods_SwiftyCloudKit_watchOS.framework */ = {isa = PBXFileReference; explicitFileType = wrapper.framework; includeInIndex = 0; path = Pods_SwiftyCloudKit_watchOS.framework; sourceTree = BUILT_PRODUCTS_DIR; };
		F4CB3469B7CD568DD8FD4325 /* Pods-SwiftyCloudKit_Example.debug.xcconfig */ = {isa = PBXFileReference; includeInIndex = 1; lastKnownFileType = text.xcconfig; name = "Pods-SwiftyCloudKit_Example.debug.xcconfig"; path = "Pods/Target Support Files/Pods-SwiftyCloudKit_Example/Pods-SwiftyCloudKit_Example.debug.xcconfig"; sourceTree = "<group>"; };
		F99CF0DD6B0AE39B4A9DD799 /* Pods-SwiftyCloudKit_watchOS Extension.debug.xcconfig */ = {isa = PBXFileReference; includeInIndex = 1; lastKnownFileType = text.xcconfig; name = "Pods-SwiftyCloudKit_watchOS Extension.debug.xcconfig"; path = "Pods/Target Support Files/Pods-SwiftyCloudKit_watchOS Extension/Pods-SwiftyCloudKit_watchOS Extension.debug.xcconfig"; sourceTree = "<group>"; };
		FC97CCD1C27EC0CEA701CD48 /* Pods_SwifyCloudKit_tvOS.framework */ = {isa = PBXFileReference; explicitFileType = wrapper.framework; includeInIndex = 0; path = Pods_SwifyCloudKit_tvOS.framework; sourceTree = BUILT_PRODUCTS_DIR; };
/* End PBXFileReference section */

/* Begin PBXFrameworksBuildPhase section */
		607FACCD1AFB9204008FA782 /* Frameworks */ = {
			isa = PBXFrameworksBuildPhase;
			buildActionMask = 2147483647;
			files = (
				CB5F8E3DDA259144A862A180 /* Pods_SwiftyCloudKit_Example.framework in Frameworks */,
				AD20C1D6202A3E9000DA003F /* CloudKit.framework in Frameworks */,
			);
			runOnlyForDeploymentPostprocessing = 0;
		};
		607FACE21AFB9204008FA782 /* Frameworks */ = {
			isa = PBXFrameworksBuildPhase;
			buildActionMask = 2147483647;
			files = (
				B15A29BD67F08A73918123E5 /* Pods_SwiftyCloudKit_Tests.framework in Frameworks */,
			);
			runOnlyForDeploymentPostprocessing = 0;
		};
		688AFB72BAE370C1077CB6E3 /* Frameworks */ = {
			isa = PBXFrameworksBuildPhase;
			buildActionMask = 2147483647;
			files = (
				78153525AB82FFE74839518F /* Pods_SwiftyCloudKit_watchOS.framework in Frameworks */,
			);
			runOnlyForDeploymentPostprocessing = 0;
		};
		AD1C2CFE2032021800F0A646 /* Frameworks */ = {
			isa = PBXFrameworksBuildPhase;
			buildActionMask = 2147483647;
			files = (
				E39FF991E0C6C4A70F602A8D /* Pods_SwifyCloudKit_tvOS.framework in Frameworks */,
				AD1C2D1220322A7D00F0A646 /* CloudKit.framework in Frameworks */,
			);
			runOnlyForDeploymentPostprocessing = 0;
		};
		ADEB6F7E203CAB6D00C3C02D /* Frameworks */ = {
			isa = PBXFrameworksBuildPhase;
			buildActionMask = 2147483647;
			files = (
				843D5BFF1265FA0427A35392 /* Pods_SwiftyCloudKit_watchOS_Extension.framework in Frameworks */,
			);
			runOnlyForDeploymentPostprocessing = 0;
		};
/* End PBXFrameworksBuildPhase section */

/* Begin PBXGroup section */
		1324196A707213A089EC190B /* Pods */ = {
			isa = PBXGroup;
			children = (
				F4CB3469B7CD568DD8FD4325 /* Pods-SwiftyCloudKit_Example.debug.xcconfig */,
				B7C281D1D120BDF9C29797B6 /* Pods-SwiftyCloudKit_Example.release.xcconfig */,
				620BBDE9CCFC58A4B2CC9133 /* Pods-SwiftyCloudKit_Tests.debug.xcconfig */,
				C2E263EECBD18AE0E7E45162 /* Pods-SwiftyCloudKit_Tests.release.xcconfig */,
				B192268517754873FD2F242B /* Pods-SwifyCloudKit_tvOS.debug.xcconfig */,
				2F881FC9397FFDC33A0755BC /* Pods-SwifyCloudKit_tvOS.release.xcconfig */,
				247BFA7D62E9451313631737 /* Pods-SwiftyCloudKit_watchOS.debug.xcconfig */,
				C736D2DF8FEA85D4553C8FC3 /* Pods-SwiftyCloudKit_watchOS.release.xcconfig */,
				F99CF0DD6B0AE39B4A9DD799 /* Pods-SwiftyCloudKit_watchOS Extension.debug.xcconfig */,
				6D6702711362E780BB6710C6 /* Pods-SwiftyCloudKit_watchOS Extension.release.xcconfig */,
			);
			name = Pods;
			sourceTree = "<group>";
		};
		13C0C66BE818B4C96E4A14AC /* Frameworks */ = {
			isa = PBXGroup;
			children = (
				AD9E5D142030D2F600922106 /* Pods_SwiftyCloudKit_Example.framework */,
				AD9E5D0D2030D16A00922106 /* CloudKit.framework */,
				AD20C1D5202A3E9000DA003F /* CloudKit.framework */,
				3F3F7BD7B8CD26638D536A04 /* Pods_SwiftyCloudKit_Example.framework */,
				390AC867882B01244B9C8A7C /* Pods_SwiftyCloudKit_Tests.framework */,
				FC97CCD1C27EC0CEA701CD48 /* Pods_SwifyCloudKit_tvOS.framework */,
				D96DEF0AAAFDE86BAA9699A5 /* Pods_SwiftyCloudKit_watchOS.framework */,
				7DCE854B9C5BE78C793B833C /* Pods_SwiftyCloudKit_watchOS_Extension.framework */,
			);
			name = Frameworks;
			sourceTree = "<group>";
		};
		607FACC71AFB9204008FA782 = {
			isa = PBXGroup;
			children = (
				AD20C1D4202A3E8200DA003F /* SwiftyCloudKit_Example.entitlements */,
				607FACF51AFB993E008FA782 /* Podspec Metadata */,
				607FACD21AFB9204008FA782 /* SwiftyCloudKit-iOS */,
				AD1C2D022032021800F0A646 /* SwifyCloudKit_tvOS */,
				ADEB6F76203CAB6D00C3C02D /* SwiftyCloudKit_watchOS */,
				ADEB6F85203CAB6D00C3C02D /* SwiftyCloudKit_watchOS Extension */,
				607FACE81AFB9204008FA782 /* Tests */,
				607FACD11AFB9204008FA782 /* Products */,
				1324196A707213A089EC190B /* Pods */,
				13C0C66BE818B4C96E4A14AC /* Frameworks */,
			);
			sourceTree = "<group>";
		};
		607FACD11AFB9204008FA782 /* Products */ = {
			isa = PBXGroup;
			children = (
				607FACD01AFB9204008FA782 /* SwiftyCloudKit_Example.app */,
				607FACE51AFB9204008FA782 /* SwiftyCloudKit_Tests.xctest */,
				AD1C2D012032021800F0A646 /* SwifyCloudKit_tvOS.app */,
				ADEB6F75203CAB6D00C3C02D /* SwiftyCloudKit_watchOS.app */,
				ADEB6F81203CAB6D00C3C02D /* SwiftyCloudKit_watchOS Extension.appex */,
			);
			name = Products;
			sourceTree = "<group>";
		};
		607FACD21AFB9204008FA782 /* SwiftyCloudKit-iOS */ = {
			isa = PBXGroup;
			children = (
				607FACD51AFB9204008FA782 /* AppDelegate.swift */,
				AD9E5CF72030C8AB00922106 /* SwiftyCloudKitTableViewController.swift */,
				607FACD91AFB9204008FA782 /* Main.storyboard */,
				607FACDC1AFB9204008FA782 /* Images.xcassets */,
				607FACDE1AFB9204008FA782 /* LaunchScreen.xib */,
				607FACD31AFB9204008FA782 /* Supporting Files */,
			);
			name = "SwiftyCloudKit-iOS";
			path = SwiftyCloudKit;
			sourceTree = "<group>";
		};
		607FACD31AFB9204008FA782 /* Supporting Files */ = {
			isa = PBXGroup;
			children = (
				607FACD41AFB9204008FA782 /* Info.plist */,
			);
			name = "Supporting Files";
			sourceTree = "<group>";
		};
		607FACE81AFB9204008FA782 /* Tests */ = {
			isa = PBXGroup;
			children = (
				607FACEB1AFB9204008FA782 /* Tests.swift */,
				607FACE91AFB9204008FA782 /* Supporting Files */,
			);
			path = Tests;
			sourceTree = "<group>";
		};
		607FACE91AFB9204008FA782 /* Supporting Files */ = {
			isa = PBXGroup;
			children = (
				607FACEA1AFB9204008FA782 /* Info.plist */,
			);
			name = "Supporting Files";
			sourceTree = "<group>";
		};
		607FACF51AFB993E008FA782 /* Podspec Metadata */ = {
			isa = PBXGroup;
			children = (
				6AE7C3CB5680D1C1E3993388 /* SwiftyCloudKit.podspec */,
				D732B828A3902EE00A98565D /* README.md */,
				89520218A6687CCB6FB3345B /* LICENSE */,
			);
			name = "Podspec Metadata";
			sourceTree = "<group>";
		};
		AD1C2D022032021800F0A646 /* SwifyCloudKit_tvOS */ = {
			isa = PBXGroup;
			children = (
				AD1C2D1120322A6D00F0A646 /* SwifyCloudKit_tvOS.entitlements */,
				AD1C2D032032021800F0A646 /* AppDelegate.swift */,
				AD1C2D072032021800F0A646 /* Main.storyboard */,
				AD1C2D0A2032021900F0A646 /* Assets.xcassets */,
				AD1C2D0C2032021900F0A646 /* Info.plist */,
			);
			path = SwifyCloudKit_tvOS;
			sourceTree = "<group>";
		};
		ADEB6F76203CAB6D00C3C02D /* SwiftyCloudKit_watchOS */ = {
			isa = PBXGroup;
			children = (
				ADEB6F77203CAB6D00C3C02D /* Interface.storyboard */,
				ADEB6F7A203CAB6D00C3C02D /* Assets.xcassets */,
				ADEB6F7C203CAB6D00C3C02D /* Info.plist */,
			);
			path = SwiftyCloudKit_watchOS;
			sourceTree = "<group>";
		};
		ADEB6F85203CAB6D00C3C02D /* SwiftyCloudKit_watchOS Extension */ = {
			isa = PBXGroup;
			children = (
				ADEB6F86203CAB6D00C3C02D /* InterfaceController.swift */,
				AD56B44F204150D200641422 /* CloudRowController.swift */,
				ADEB6F88203CAB6D00C3C02D /* ExtensionDelegate.swift */,
				ADEB6F8C203CAB6D00C3C02D /* Assets.xcassets */,
				ADEB6F8E203CAB6D00C3C02D /* Info.plist */,
				ADEB6F8F203CAB6D00C3C02D /* PushNotificationPayload.apns */,
			);
			path = "SwiftyCloudKit_watchOS Extension";
			sourceTree = "<group>";
		};
/* End PBXGroup section */

/* Begin PBXNativeTarget section */
		607FACCF1AFB9204008FA782 /* SwiftyCloudKit_Example */ = {
			isa = PBXNativeTarget;
			buildConfigurationList = 607FACEF1AFB9204008FA782 /* Build configuration list for PBXNativeTarget "SwiftyCloudKit_Example" */;
			buildPhases = (
				9941D3495EFEDA25DFE18C73 /* [CP] Check Pods Manifest.lock */,
				607FACCC1AFB9204008FA782 /* Sources */,
				607FACCD1AFB9204008FA782 /* Frameworks */,
				607FACCE1AFB9204008FA782 /* Resources */,
				69BF90E831496B86ED099555 /* [CP] Embed Pods Frameworks */,
				D15B8239D7F6497E969DBC8E /* [CP] Copy Pods Resources */,
				ADEB6F9A203CAB6D00C3C02D /* Embed Watch Content */,
			);
			buildRules = (
			);
			dependencies = (
				ADEB6F91203CAB6D00C3C02D /* PBXTargetDependency */,
			);
			name = SwiftyCloudKit_Example;
			productName = SwiftyCloudKit;
			productReference = 607FACD01AFB9204008FA782 /* SwiftyCloudKit_Example.app */;
			productType = "com.apple.product-type.application";
		};
		607FACE41AFB9204008FA782 /* SwiftyCloudKit_Tests */ = {
			isa = PBXNativeTarget;
			buildConfigurationList = 607FACF21AFB9204008FA782 /* Build configuration list for PBXNativeTarget "SwiftyCloudKit_Tests" */;
			buildPhases = (
				8708E9BDDFF7A6953BFECC33 /* [CP] Check Pods Manifest.lock */,
				607FACE11AFB9204008FA782 /* Sources */,
				607FACE21AFB9204008FA782 /* Frameworks */,
				607FACE31AFB9204008FA782 /* Resources */,
				3FBDFA2BC1EC08E0D294A85D /* [CP] Embed Pods Frameworks */,
				5BBD45AB0A7B9FD24EE5A6A0 /* [CP] Copy Pods Resources */,
			);
			buildRules = (
			);
			dependencies = (
				607FACE71AFB9204008FA782 /* PBXTargetDependency */,
			);
			name = SwiftyCloudKit_Tests;
			productName = Tests;
			productReference = 607FACE51AFB9204008FA782 /* SwiftyCloudKit_Tests.xctest */;
			productType = "com.apple.product-type.bundle.unit-test";
		};
		AD1C2D002032021800F0A646 /* SwifyCloudKit_tvOS */ = {
			isa = PBXNativeTarget;
			buildConfigurationList = AD1C2D0F2032021900F0A646 /* Build configuration list for PBXNativeTarget "SwifyCloudKit_tvOS" */;
			buildPhases = (
				DD4D764738CE2435E4BC2BEF /* [CP] Check Pods Manifest.lock */,
				AD1C2CFD2032021800F0A646 /* Sources */,
				AD1C2CFE2032021800F0A646 /* Frameworks */,
				AD1C2CFF2032021800F0A646 /* Resources */,
				6EED9B384E9C731B11D714E8 /* [CP] Embed Pods Frameworks */,
				432B4EAFE4B9EB7B0BDF0C24 /* [CP] Copy Pods Resources */,
			);
			buildRules = (
			);
			dependencies = (
			);
			name = SwifyCloudKit_tvOS;
			productName = SwifyCloudKit_tvOS;
			productReference = AD1C2D012032021800F0A646 /* SwifyCloudKit_tvOS.app */;
			productType = "com.apple.product-type.application";
		};
		ADEB6F74203CAB6D00C3C02D /* SwiftyCloudKit_watchOS */ = {
			isa = PBXNativeTarget;
			buildConfigurationList = ADEB6F99203CAB6D00C3C02D /* Build configuration list for PBXNativeTarget "SwiftyCloudKit_watchOS" */;
			buildPhases = (
				89783A488FD5FDF8BB2B0C06 /* [CP] Check Pods Manifest.lock */,
				ADEB6F73203CAB6D00C3C02D /* Resources */,
				ADEB6F98203CAB6D00C3C02D /* Embed App Extensions */,
				688AFB72BAE370C1077CB6E3 /* Frameworks */,
				7BE08A7D02D598B6C1E5319A /* [CP] Copy Pods Resources */,
			);
			buildRules = (
			);
			dependencies = (
				ADEB6F84203CAB6D00C3C02D /* PBXTargetDependency */,
			);
			name = SwiftyCloudKit_watchOS;
			productName = SwiftyCloudKit_watchOS;
			productReference = ADEB6F75203CAB6D00C3C02D /* SwiftyCloudKit_watchOS.app */;
			productType = "com.apple.product-type.application.watchapp2";
		};
		ADEB6F80203CAB6D00C3C02D /* SwiftyCloudKit_watchOS Extension */ = {
			isa = PBXNativeTarget;
			buildConfigurationList = ADEB6F97203CAB6D00C3C02D /* Build configuration list for PBXNativeTarget "SwiftyCloudKit_watchOS Extension" */;
			buildPhases = (
				7F39A8DECC83C142A61A46FD /* [CP] Check Pods Manifest.lock */,
				ADEB6F7D203CAB6D00C3C02D /* Sources */,
				ADEB6F7E203CAB6D00C3C02D /* Frameworks */,
				ADEB6F7F203CAB6D00C3C02D /* Resources */,
				6261F21677B974F7FDD1117E /* [CP] Embed Pods Frameworks */,
				2188CA1523E960160E9A0C46 /* [CP] Copy Pods Resources */,
			);
			buildRules = (
			);
			dependencies = (
			);
			name = "SwiftyCloudKit_watchOS Extension";
			productName = "SwiftyCloudKit_watchOS Extension";
			productReference = ADEB6F81203CAB6D00C3C02D /* SwiftyCloudKit_watchOS Extension.appex */;
			productType = "com.apple.product-type.watchkit2-extension";
		};
/* End PBXNativeTarget section */

/* Begin PBXProject section */
		607FACC81AFB9204008FA782 /* Project object */ = {
			isa = PBXProject;
			attributes = {
				LastSwiftUpdateCheck = 0920;
				LastUpgradeCheck = 0920;
				ORGANIZATIONNAME = CocoaPods;
				TargetAttributes = {
					607FACCF1AFB9204008FA782 = {
						CreatedOnToolsVersion = 6.3.1;
						DevelopmentTeam = YT53AFQ724;
						LastSwiftMigration = 0900;
						SystemCapabilities = {
							com.apple.ApplicationGroups.iOS = {
								enabled = 1;
							};
							com.apple.Push = {
								enabled = 1;
							};
							com.apple.iCloud = {
								enabled = 1;
							};
						};
					};
					607FACE41AFB9204008FA782 = {
						CreatedOnToolsVersion = 6.3.1;
						DevelopmentTeam = YT53AFQ724;
						LastSwiftMigration = 0900;
						TestTargetID = 607FACCF1AFB9204008FA782;
					};
					AD1C2D002032021800F0A646 = {
						CreatedOnToolsVersion = 9.2;
						DevelopmentTeam = YT53AFQ724;
						ProvisioningStyle = Automatic;
						SystemCapabilities = {
							com.apple.Push = {
								enabled = 1;
							};
							com.apple.iCloud = {
								enabled = 1;
							};
						};
					};
					ADEB6F74203CAB6D00C3C02D = {
						CreatedOnToolsVersion = 9.2;
						DevelopmentTeam = YT53AFQ724;
						ProvisioningStyle = Automatic;
					};
					ADEB6F80203CAB6D00C3C02D = {
						CreatedOnToolsVersion = 9.2;
						DevelopmentTeam = YT53AFQ724;
						ProvisioningStyle = Automatic;
					};
				};
			};
			buildConfigurationList = 607FACCB1AFB9204008FA782 /* Build configuration list for PBXProject "SwiftyCloudKit" */;
			compatibilityVersion = "Xcode 3.2";
			developmentRegion = English;
			hasScannedForEncodings = 0;
			knownRegions = (
				en,
				Base,
			);
			mainGroup = 607FACC71AFB9204008FA782;
			productRefGroup = 607FACD11AFB9204008FA782 /* Products */;
			projectDirPath = "";
			projectRoot = "";
			targets = (
				607FACCF1AFB9204008FA782 /* SwiftyCloudKit_Example */,
				607FACE41AFB9204008FA782 /* SwiftyCloudKit_Tests */,
				AD1C2D002032021800F0A646 /* SwifyCloudKit_tvOS */,
				ADEB6F74203CAB6D00C3C02D /* SwiftyCloudKit_watchOS */,
				ADEB6F80203CAB6D00C3C02D /* SwiftyCloudKit_watchOS Extension */,
			);
		};
/* End PBXProject section */

/* Begin PBXResourcesBuildPhase section */
		607FACCE1AFB9204008FA782 /* Resources */ = {
			isa = PBXResourcesBuildPhase;
			buildActionMask = 2147483647;
			files = (
				607FACDB1AFB9204008FA782 /* Main.storyboard in Resources */,
				607FACE01AFB9204008FA782 /* LaunchScreen.xib in Resources */,
				607FACDD1AFB9204008FA782 /* Images.xcassets in Resources */,
			);
			runOnlyForDeploymentPostprocessing = 0;
		};
		607FACE31AFB9204008FA782 /* Resources */ = {
			isa = PBXResourcesBuildPhase;
			buildActionMask = 2147483647;
			files = (
			);
			runOnlyForDeploymentPostprocessing = 0;
		};
		AD1C2CFF2032021800F0A646 /* Resources */ = {
			isa = PBXResourcesBuildPhase;
			buildActionMask = 2147483647;
			files = (
				AD1C2D0B2032021900F0A646 /* Assets.xcassets in Resources */,
				AD1C2D092032021800F0A646 /* Main.storyboard in Resources */,
			);
			runOnlyForDeploymentPostprocessing = 0;
		};
		ADEB6F73203CAB6D00C3C02D /* Resources */ = {
			isa = PBXResourcesBuildPhase;
			buildActionMask = 2147483647;
			files = (
				ADEB6F7B203CAB6D00C3C02D /* Assets.xcassets in Resources */,
				ADEB6F79203CAB6D00C3C02D /* Interface.storyboard in Resources */,
			);
			runOnlyForDeploymentPostprocessing = 0;
		};
		ADEB6F7F203CAB6D00C3C02D /* Resources */ = {
			isa = PBXResourcesBuildPhase;
			buildActionMask = 2147483647;
			files = (
				ADEB6F8D203CAB6D00C3C02D /* Assets.xcassets in Resources */,
			);
			runOnlyForDeploymentPostprocessing = 0;
		};
/* End PBXResourcesBuildPhase section */

/* Begin PBXShellScriptBuildPhase section */
		2188CA1523E960160E9A0C46 /* [CP] Copy Pods Resources */ = {
			isa = PBXShellScriptBuildPhase;
			buildActionMask = 2147483647;
			files = (
			);
			inputPaths = (
			);
			name = "[CP] Copy Pods Resources";
			outputPaths = (
			);
			runOnlyForDeploymentPostprocessing = 0;
			shellPath = /bin/sh;
			shellScript = "\"${SRCROOT}/Pods/Target Support Files/Pods-SwiftyCloudKit_watchOS Extension/Pods-SwiftyCloudKit_watchOS Extension-resources.sh\"\n";
			showEnvVarsInLog = 0;
		};
		3FBDFA2BC1EC08E0D294A85D /* [CP] Embed Pods Frameworks */ = {
			isa = PBXShellScriptBuildPhase;
			buildActionMask = 2147483647;
			files = (
			);
			inputPaths = (
				"${SRCROOT}/Pods/Target Support Files/Pods-SwiftyCloudKit_Tests/Pods-SwiftyCloudKit_Tests-frameworks.sh",
				"${BUILT_PRODUCTS_DIR}/FBSnapshotTestCase/FBSnapshotTestCase.framework",
				"${BUILT_PRODUCTS_DIR}/Nimble/Nimble.framework",
				"${BUILT_PRODUCTS_DIR}/Nimble-Snapshots/Nimble_Snapshots.framework",
				"${BUILT_PRODUCTS_DIR}/Quick/Quick.framework",
			);
			name = "[CP] Embed Pods Frameworks";
			outputPaths = (
				"${TARGET_BUILD_DIR}/${FRAMEWORKS_FOLDER_PATH}/FBSnapshotTestCase.framework",
				"${TARGET_BUILD_DIR}/${FRAMEWORKS_FOLDER_PATH}/Nimble.framework",
				"${TARGET_BUILD_DIR}/${FRAMEWORKS_FOLDER_PATH}/Nimble_Snapshots.framework",
				"${TARGET_BUILD_DIR}/${FRAMEWORKS_FOLDER_PATH}/Quick.framework",
			);
			runOnlyForDeploymentPostprocessing = 0;
			shellPath = /bin/sh;
			shellScript = "\"${SRCROOT}/Pods/Target Support Files/Pods-SwiftyCloudKit_Tests/Pods-SwiftyCloudKit_Tests-frameworks.sh\"\n";
			showEnvVarsInLog = 0;
		};
		432B4EAFE4B9EB7B0BDF0C24 /* [CP] Copy Pods Resources */ = {
			isa = PBXShellScriptBuildPhase;
			buildActionMask = 2147483647;
			files = (
			);
			inputPaths = (
			);
			name = "[CP] Copy Pods Resources";
			outputPaths = (
			);
			runOnlyForDeploymentPostprocessing = 0;
			shellPath = /bin/sh;
			shellScript = "\"${SRCROOT}/Pods/Target Support Files/Pods-SwifyCloudKit_tvOS/Pods-SwifyCloudKit_tvOS-resources.sh\"\n";
			showEnvVarsInLog = 0;
		};
		5BBD45AB0A7B9FD24EE5A6A0 /* [CP] Copy Pods Resources */ = {
			isa = PBXShellScriptBuildPhase;
			buildActionMask = 2147483647;
			files = (
			);
			inputPaths = (
			);
			name = "[CP] Copy Pods Resources";
			outputPaths = (
			);
			runOnlyForDeploymentPostprocessing = 0;
			shellPath = /bin/sh;
			shellScript = "\"${SRCROOT}/Pods/Target Support Files/Pods-SwiftyCloudKit_Tests/Pods-SwiftyCloudKit_Tests-resources.sh\"\n";
			showEnvVarsInLog = 0;
		};
		6261F21677B974F7FDD1117E /* [CP] Embed Pods Frameworks */ = {
			isa = PBXShellScriptBuildPhase;
			buildActionMask = 2147483647;
			files = (
			);
			inputPaths = (
				"${SRCROOT}/Pods/Target Support Files/Pods-SwiftyCloudKit_watchOS Extension/Pods-SwiftyCloudKit_watchOS Extension-frameworks.sh",
				"${BUILT_PRODUCTS_DIR}/SwiftyCloudKit-watchOS/SwiftyCloudKit.framework",
			);
			name = "[CP] Embed Pods Frameworks";
			outputPaths = (
				"${TARGET_BUILD_DIR}/${FRAMEWORKS_FOLDER_PATH}/SwiftyCloudKit.framework",
			);
			runOnlyForDeploymentPostprocessing = 0;
			shellPath = /bin/sh;
			shellScript = "\"${SRCROOT}/Pods/Target Support Files/Pods-SwiftyCloudKit_watchOS Extension/Pods-SwiftyCloudKit_watchOS Extension-frameworks.sh\"\n";
			showEnvVarsInLog = 0;
		};
		69BF90E831496B86ED099555 /* [CP] Embed Pods Frameworks */ = {
			isa = PBXShellScriptBuildPhase;
			buildActionMask = 2147483647;
			files = (
			);
			inputPaths = (
				"${SRCROOT}/Pods/Target Support Files/Pods-SwiftyCloudKit_Example/Pods-SwiftyCloudKit_Example-frameworks.sh",
				"${BUILT_PRODUCTS_DIR}/SwiftyCloudKit-iOS/SwiftyCloudKit.framework",
			);
			name = "[CP] Embed Pods Frameworks";
			outputPaths = (
				"${TARGET_BUILD_DIR}/${FRAMEWORKS_FOLDER_PATH}/SwiftyCloudKit.framework",
			);
			runOnlyForDeploymentPostprocessing = 0;
			shellPath = /bin/sh;
			shellScript = "\"${SRCROOT}/Pods/Target Support Files/Pods-SwiftyCloudKit_Example/Pods-SwiftyCloudKit_Example-frameworks.sh\"\n";
			showEnvVarsInLog = 0;
		};
		6EED9B384E9C731B11D714E8 /* [CP] Embed Pods Frameworks */ = {
			isa = PBXShellScriptBuildPhase;
			buildActionMask = 2147483647;
			files = (
			);
			inputPaths = (
				"${SRCROOT}/Pods/Target Support Files/Pods-SwifyCloudKit_tvOS/Pods-SwifyCloudKit_tvOS-frameworks.sh",
				"${BUILT_PRODUCTS_DIR}/SwiftyCloudKit-tvOS/SwiftyCloudKit.framework",
			);
			name = "[CP] Embed Pods Frameworks";
			outputPaths = (
				"${TARGET_BUILD_DIR}/${FRAMEWORKS_FOLDER_PATH}/SwiftyCloudKit.framework",
			);
			runOnlyForDeploymentPostprocessing = 0;
			shellPath = /bin/sh;
			shellScript = "\"${SRCROOT}/Pods/Target Support Files/Pods-SwifyCloudKit_tvOS/Pods-SwifyCloudKit_tvOS-frameworks.sh\"\n";
			showEnvVarsInLog = 0;
		};
		7BE08A7D02D598B6C1E5319A /* [CP] Copy Pods Resources */ = {
			isa = PBXShellScriptBuildPhase;
			buildActionMask = 2147483647;
			files = (
			);
			inputPaths = (
			);
			name = "[CP] Copy Pods Resources";
			outputPaths = (
			);
			runOnlyForDeploymentPostprocessing = 0;
			shellPath = /bin/sh;
			shellScript = "\"${SRCROOT}/Pods/Target Support Files/Pods-SwiftyCloudKit_watchOS/Pods-SwiftyCloudKit_watchOS-resources.sh\"\n";
			showEnvVarsInLog = 0;
		};
		7F39A8DECC83C142A61A46FD /* [CP] Check Pods Manifest.lock */ = {
			isa = PBXShellScriptBuildPhase;
			buildActionMask = 2147483647;
			files = (
			);
			inputPaths = (
				"${PODS_PODFILE_DIR_PATH}/Podfile.lock",
				"${PODS_ROOT}/Manifest.lock",
			);
			name = "[CP] Check Pods Manifest.lock";
			outputPaths = (
				"$(DERIVED_FILE_DIR)/Pods-SwiftyCloudKit_watchOS Extension-checkManifestLockResult.txt",
			);
			runOnlyForDeploymentPostprocessing = 0;
			shellPath = /bin/sh;
			shellScript = "diff \"${PODS_PODFILE_DIR_PATH}/Podfile.lock\" \"${PODS_ROOT}/Manifest.lock\" > /dev/null\nif [ $? != 0 ] ; then\n    # print error to STDERR\n    echo \"error: The sandbox is not in sync with the Podfile.lock. Run 'pod install' or update your CocoaPods installation.\" >&2\n    exit 1\nfi\n# This output is used by Xcode 'outputs' to avoid re-running this script phase.\necho \"SUCCESS\" > \"${SCRIPT_OUTPUT_FILE_0}\"\n";
			showEnvVarsInLog = 0;
		};
		8708E9BDDFF7A6953BFECC33 /* [CP] Check Pods Manifest.lock */ = {
			isa = PBXShellScriptBuildPhase;
			buildActionMask = 2147483647;
			files = (
			);
			inputPaths = (
				"${PODS_PODFILE_DIR_PATH}/Podfile.lock",
				"${PODS_ROOT}/Manifest.lock",
			);
			name = "[CP] Check Pods Manifest.lock";
			outputPaths = (
				"$(DERIVED_FILE_DIR)/Pods-SwiftyCloudKit_Tests-checkManifestLockResult.txt",
			);
			runOnlyForDeploymentPostprocessing = 0;
			shellPath = /bin/sh;
			shellScript = "diff \"${PODS_PODFILE_DIR_PATH}/Podfile.lock\" \"${PODS_ROOT}/Manifest.lock\" > /dev/null\nif [ $? != 0 ] ; then\n    # print error to STDERR\n    echo \"error: The sandbox is not in sync with the Podfile.lock. Run 'pod install' or update your CocoaPods installation.\" >&2\n    exit 1\nfi\n# This output is used by Xcode 'outputs' to avoid re-running this script phase.\necho \"SUCCESS\" > \"${SCRIPT_OUTPUT_FILE_0}\"\n";
			showEnvVarsInLog = 0;
		};
		89783A488FD5FDF8BB2B0C06 /* [CP] Check Pods Manifest.lock */ = {
			isa = PBXShellScriptBuildPhase;
			buildActionMask = 2147483647;
			files = (
			);
			inputPaths = (
				"${PODS_PODFILE_DIR_PATH}/Podfile.lock",
				"${PODS_ROOT}/Manifest.lock",
			);
			name = "[CP] Check Pods Manifest.lock";
			outputPaths = (
				"$(DERIVED_FILE_DIR)/Pods-SwiftyCloudKit_watchOS-checkManifestLockResult.txt",
			);
			runOnlyForDeploymentPostprocessing = 0;
			shellPath = /bin/sh;
			shellScript = "diff \"${PODS_PODFILE_DIR_PATH}/Podfile.lock\" \"${PODS_ROOT}/Manifest.lock\" > /dev/null\nif [ $? != 0 ] ; then\n    # print error to STDERR\n    echo \"error: The sandbox is not in sync with the Podfile.lock. Run 'pod install' or update your CocoaPods installation.\" >&2\n    exit 1\nfi\n# This output is used by Xcode 'outputs' to avoid re-running this script phase.\necho \"SUCCESS\" > \"${SCRIPT_OUTPUT_FILE_0}\"\n";
			showEnvVarsInLog = 0;
		};
		9941D3495EFEDA25DFE18C73 /* [CP] Check Pods Manifest.lock */ = {
			isa = PBXShellScriptBuildPhase;
			buildActionMask = 2147483647;
			files = (
			);
			inputPaths = (
				"${PODS_PODFILE_DIR_PATH}/Podfile.lock",
				"${PODS_ROOT}/Manifest.lock",
			);
			name = "[CP] Check Pods Manifest.lock";
			outputPaths = (
				"$(DERIVED_FILE_DIR)/Pods-SwiftyCloudKit_Example-checkManifestLockResult.txt",
			);
			runOnlyForDeploymentPostprocessing = 0;
			shellPath = /bin/sh;
			shellScript = "diff \"${PODS_PODFILE_DIR_PATH}/Podfile.lock\" \"${PODS_ROOT}/Manifest.lock\" > /dev/null\nif [ $? != 0 ] ; then\n    # print error to STDERR\n    echo \"error: The sandbox is not in sync with the Podfile.lock. Run 'pod install' or update your CocoaPods installation.\" >&2\n    exit 1\nfi\n# This output is used by Xcode 'outputs' to avoid re-running this script phase.\necho \"SUCCESS\" > \"${SCRIPT_OUTPUT_FILE_0}\"\n";
			showEnvVarsInLog = 0;
		};
		D15B8239D7F6497E969DBC8E /* [CP] Copy Pods Resources */ = {
			isa = PBXShellScriptBuildPhase;
			buildActionMask = 2147483647;
			files = (
			);
			inputPaths = (
			);
			name = "[CP] Copy Pods Resources";
			outputPaths = (
			);
			runOnlyForDeploymentPostprocessing = 0;
			shellPath = /bin/sh;
			shellScript = "\"${SRCROOT}/Pods/Target Support Files/Pods-SwiftyCloudKit_Example/Pods-SwiftyCloudKit_Example-resources.sh\"\n";
			showEnvVarsInLog = 0;
		};
		DD4D764738CE2435E4BC2BEF /* [CP] Check Pods Manifest.lock */ = {
			isa = PBXShellScriptBuildPhase;
			buildActionMask = 2147483647;
			files = (
			);
			inputPaths = (
				"${PODS_PODFILE_DIR_PATH}/Podfile.lock",
				"${PODS_ROOT}/Manifest.lock",
			);
			name = "[CP] Check Pods Manifest.lock";
			outputPaths = (
				"$(DERIVED_FILE_DIR)/Pods-SwifyCloudKit_tvOS-checkManifestLockResult.txt",
			);
			runOnlyForDeploymentPostprocessing = 0;
			shellPath = /bin/sh;
			shellScript = "diff \"${PODS_PODFILE_DIR_PATH}/Podfile.lock\" \"${PODS_ROOT}/Manifest.lock\" > /dev/null\nif [ $? != 0 ] ; then\n    # print error to STDERR\n    echo \"error: The sandbox is not in sync with the Podfile.lock. Run 'pod install' or update your CocoaPods installation.\" >&2\n    exit 1\nfi\n# This output is used by Xcode 'outputs' to avoid re-running this script phase.\necho \"SUCCESS\" > \"${SCRIPT_OUTPUT_FILE_0}\"\n";
			showEnvVarsInLog = 0;
		};
/* End PBXShellScriptBuildPhase section */

/* Begin PBXSourcesBuildPhase section */
		607FACCC1AFB9204008FA782 /* Sources */ = {
			isa = PBXSourcesBuildPhase;
			buildActionMask = 2147483647;
			files = (
				AD9E5CF82030C8AB00922106 /* SwiftyCloudKitTableViewController.swift in Sources */,
				607FACD61AFB9204008FA782 /* AppDelegate.swift in Sources */,
			);
			runOnlyForDeploymentPostprocessing = 0;
		};
		607FACE11AFB9204008FA782 /* Sources */ = {
			isa = PBXSourcesBuildPhase;
			buildActionMask = 2147483647;
			files = (
				607FACEC1AFB9204008FA782 /* Tests.swift in Sources */,
			);
			runOnlyForDeploymentPostprocessing = 0;
		};
		AD1C2CFD2032021800F0A646 /* Sources */ = {
			isa = PBXSourcesBuildPhase;
			buildActionMask = 2147483647;
			files = (
				AD1C2D102032065800F0A646 /* SwiftyCloudKitTableViewController.swift in Sources */,
				AD1C2D042032021800F0A646 /* AppDelegate.swift in Sources */,
			);
			runOnlyForDeploymentPostprocessing = 0;
		};
		ADEB6F7D203CAB6D00C3C02D /* Sources */ = {
			isa = PBXSourcesBuildPhase;
			buildActionMask = 2147483647;
			files = (
				ADEB6F89203CAB6D00C3C02D /* ExtensionDelegate.swift in Sources */,
				AD56B450204150D200641422 /* CloudRowController.swift in Sources */,
				ADEB6F87203CAB6D00C3C02D /* InterfaceController.swift in Sources */,
			);
			runOnlyForDeploymentPostprocessing = 0;
		};
/* End PBXSourcesBuildPhase section */

/* Begin PBXTargetDependency section */
		607FACE71AFB9204008FA782 /* PBXTargetDependency */ = {
			isa = PBXTargetDependency;
			target = 607FACCF1AFB9204008FA782 /* SwiftyCloudKit_Example */;
			targetProxy = 607FACE61AFB9204008FA782 /* PBXContainerItemProxy */;
		};
		ADEB6F84203CAB6D00C3C02D /* PBXTargetDependency */ = {
			isa = PBXTargetDependency;
			target = ADEB6F80203CAB6D00C3C02D /* SwiftyCloudKit_watchOS Extension */;
			targetProxy = ADEB6F83203CAB6D00C3C02D /* PBXContainerItemProxy */;
		};
		ADEB6F91203CAB6D00C3C02D /* PBXTargetDependency */ = {
			isa = PBXTargetDependency;
			target = ADEB6F74203CAB6D00C3C02D /* SwiftyCloudKit_watchOS */;
			targetProxy = ADEB6F90203CAB6D00C3C02D /* PBXContainerItemProxy */;
		};
/* End PBXTargetDependency section */

/* Begin PBXVariantGroup section */
		607FACD91AFB9204008FA782 /* Main.storyboard */ = {
			isa = PBXVariantGroup;
			children = (
				607FACDA1AFB9204008FA782 /* Base */,
			);
			name = Main.storyboard;
			sourceTree = "<group>";
		};
		607FACDE1AFB9204008FA782 /* LaunchScreen.xib */ = {
			isa = PBXVariantGroup;
			children = (
				607FACDF1AFB9204008FA782 /* Base */,
			);
			name = LaunchScreen.xib;
			sourceTree = "<group>";
		};
		AD1C2D072032021800F0A646 /* Main.storyboard */ = {
			isa = PBXVariantGroup;
			children = (
				AD1C2D082032021800F0A646 /* Base */,
			);
			name = Main.storyboard;
			sourceTree = "<group>";
		};
		ADEB6F77203CAB6D00C3C02D /* Interface.storyboard */ = {
			isa = PBXVariantGroup;
			children = (
				ADEB6F78203CAB6D00C3C02D /* Base */,
			);
			name = Interface.storyboard;
			sourceTree = "<group>";
		};
/* End PBXVariantGroup section */

/* Begin XCBuildConfiguration section */
		607FACED1AFB9204008FA782 /* Debug */ = {
			isa = XCBuildConfiguration;
			buildSettings = {
				ALWAYS_SEARCH_USER_PATHS = NO;
				CLANG_CXX_LANGUAGE_STANDARD = "gnu++0x";
				CLANG_CXX_LIBRARY = "libc++";
				CLANG_ENABLE_MODULES = YES;
				CLANG_ENABLE_OBJC_ARC = YES;
				CLANG_WARN_BLOCK_CAPTURE_AUTORELEASING = YES;
				CLANG_WARN_BOOL_CONVERSION = YES;
				CLANG_WARN_COMMA = YES;
				CLANG_WARN_CONSTANT_CONVERSION = YES;
				CLANG_WARN_DIRECT_OBJC_ISA_USAGE = YES_ERROR;
				CLANG_WARN_EMPTY_BODY = YES;
				CLANG_WARN_ENUM_CONVERSION = YES;
				CLANG_WARN_INFINITE_RECURSION = YES;
				CLANG_WARN_INT_CONVERSION = YES;
				CLANG_WARN_NON_LITERAL_NULL_CONVERSION = YES;
				CLANG_WARN_OBJC_LITERAL_CONVERSION = YES;
				CLANG_WARN_OBJC_ROOT_CLASS = YES_ERROR;
				CLANG_WARN_RANGE_LOOP_ANALYSIS = YES;
				CLANG_WARN_STRICT_PROTOTYPES = YES;
				CLANG_WARN_SUSPICIOUS_MOVE = YES;
				CLANG_WARN_UNREACHABLE_CODE = YES;
				CLANG_WARN__DUPLICATE_METHOD_MATCH = YES;
				"CODE_SIGN_IDENTITY[sdk=iphoneos*]" = "iPhone Developer";
				COPY_PHASE_STRIP = NO;
				DEBUG_INFORMATION_FORMAT = "dwarf-with-dsym";
				ENABLE_STRICT_OBJC_MSGSEND = YES;
				ENABLE_TESTABILITY = YES;
				GCC_C_LANGUAGE_STANDARD = gnu99;
				GCC_DYNAMIC_NO_PIC = NO;
				GCC_NO_COMMON_BLOCKS = YES;
				GCC_OPTIMIZATION_LEVEL = 0;
				GCC_PREPROCESSOR_DEFINITIONS = (
					"DEBUG=1",
					"$(inherited)",
				);
				GCC_SYMBOLS_PRIVATE_EXTERN = NO;
				GCC_WARN_64_TO_32_BIT_CONVERSION = YES;
				GCC_WARN_ABOUT_RETURN_TYPE = YES_ERROR;
				GCC_WARN_UNDECLARED_SELECTOR = YES;
				GCC_WARN_UNINITIALIZED_AUTOS = YES_AGGRESSIVE;
				GCC_WARN_UNUSED_FUNCTION = YES;
				GCC_WARN_UNUSED_VARIABLE = YES;
				IPHONEOS_DEPLOYMENT_TARGET = 10.0;
				MTL_ENABLE_DEBUG_INFO = YES;
				ONLY_ACTIVE_ARCH = YES;
				SDKROOT = iphoneos;
				SWIFT_OPTIMIZATION_LEVEL = "-Onone";
			};
			name = Debug;
		};
		607FACEE1AFB9204008FA782 /* Release */ = {
			isa = XCBuildConfiguration;
			buildSettings = {
				ALWAYS_SEARCH_USER_PATHS = NO;
				CLANG_CXX_LANGUAGE_STANDARD = "gnu++0x";
				CLANG_CXX_LIBRARY = "libc++";
				CLANG_ENABLE_MODULES = YES;
				CLANG_ENABLE_OBJC_ARC = YES;
				CLANG_WARN_BLOCK_CAPTURE_AUTORELEASING = YES;
				CLANG_WARN_BOOL_CONVERSION = YES;
				CLANG_WARN_COMMA = YES;
				CLANG_WARN_CONSTANT_CONVERSION = YES;
				CLANG_WARN_DIRECT_OBJC_ISA_USAGE = YES_ERROR;
				CLANG_WARN_EMPTY_BODY = YES;
				CLANG_WARN_ENUM_CONVERSION = YES;
				CLANG_WARN_INFINITE_RECURSION = YES;
				CLANG_WARN_INT_CONVERSION = YES;
				CLANG_WARN_NON_LITERAL_NULL_CONVERSION = YES;
				CLANG_WARN_OBJC_LITERAL_CONVERSION = YES;
				CLANG_WARN_OBJC_ROOT_CLASS = YES_ERROR;
				CLANG_WARN_RANGE_LOOP_ANALYSIS = YES;
				CLANG_WARN_STRICT_PROTOTYPES = YES;
				CLANG_WARN_SUSPICIOUS_MOVE = YES;
				CLANG_WARN_UNREACHABLE_CODE = YES;
				CLANG_WARN__DUPLICATE_METHOD_MATCH = YES;
				"CODE_SIGN_IDENTITY[sdk=iphoneos*]" = "iPhone Developer";
				COPY_PHASE_STRIP = NO;
				DEBUG_INFORMATION_FORMAT = "dwarf-with-dsym";
				ENABLE_NS_ASSERTIONS = NO;
				ENABLE_STRICT_OBJC_MSGSEND = YES;
				GCC_C_LANGUAGE_STANDARD = gnu99;
				GCC_NO_COMMON_BLOCKS = YES;
				GCC_WARN_64_TO_32_BIT_CONVERSION = YES;
				GCC_WARN_ABOUT_RETURN_TYPE = YES_ERROR;
				GCC_WARN_UNDECLARED_SELECTOR = YES;
				GCC_WARN_UNINITIALIZED_AUTOS = YES_AGGRESSIVE;
				GCC_WARN_UNUSED_FUNCTION = YES;
				GCC_WARN_UNUSED_VARIABLE = YES;
				IPHONEOS_DEPLOYMENT_TARGET = 10.0;
				MTL_ENABLE_DEBUG_INFO = NO;
				SDKROOT = iphoneos;
				SWIFT_OPTIMIZATION_LEVEL = "-Owholemodule";
				VALIDATE_PRODUCT = YES;
			};
			name = Release;
		};
		607FACF01AFB9204008FA782 /* Debug */ = {
			isa = XCBuildConfiguration;
			baseConfigurationReference = F4CB3469B7CD568DD8FD4325 /* Pods-SwiftyCloudKit_Example.debug.xcconfig */;
			buildSettings = {
				ASSETCATALOG_COMPILER_APPICON_NAME = AppIcon;
				CODE_SIGN_ENTITLEMENTS = SwiftyCloudKit_Example.entitlements;
				DEVELOPMENT_TEAM = YT53AFQ724;
				INFOPLIST_FILE = SwiftyCloudKit/Info.plist;
				IPHONEOS_DEPLOYMENT_TARGET = 10.0;
				LD_RUNPATH_SEARCH_PATHS = "$(inherited) @executable_path/Frameworks";
				MODULE_NAME = ExampleApp;
				PRODUCT_BUNDLE_IDENTIFIER = io.github.simengangstad.swiftycloudkit;
				PRODUCT_NAME = "$(TARGET_NAME)";
				SWIFT_SWIFT3_OBJC_INFERENCE = Default;
				SWIFT_VERSION = 4.0;
			};
			name = Debug;
		};
		607FACF11AFB9204008FA782 /* Release */ = {
			isa = XCBuildConfiguration;
			baseConfigurationReference = B7C281D1D120BDF9C29797B6 /* Pods-SwiftyCloudKit_Example.release.xcconfig */;
			buildSettings = {
				ASSETCATALOG_COMPILER_APPICON_NAME = AppIcon;
				CODE_SIGN_ENTITLEMENTS = SwiftyCloudKit_Example.entitlements;
				DEVELOPMENT_TEAM = YT53AFQ724;
				INFOPLIST_FILE = SwiftyCloudKit/Info.plist;
				IPHONEOS_DEPLOYMENT_TARGET = 10.0;
				LD_RUNPATH_SEARCH_PATHS = "$(inherited) @executable_path/Frameworks";
				MODULE_NAME = ExampleApp;
				PRODUCT_BUNDLE_IDENTIFIER = io.github.simengangstad.swiftycloudkit;
				PRODUCT_NAME = "$(TARGET_NAME)";
				SWIFT_SWIFT3_OBJC_INFERENCE = Default;
				SWIFT_VERSION = 4.0;
			};
			name = Release;
		};
		607FACF31AFB9204008FA782 /* Debug */ = {
			isa = XCBuildConfiguration;
			baseConfigurationReference = 620BBDE9CCFC58A4B2CC9133 /* Pods-SwiftyCloudKit_Tests.debug.xcconfig */;
			buildSettings = {
				DEVELOPMENT_TEAM = YT53AFQ724;
				FRAMEWORK_SEARCH_PATHS = (
					"$(SDKROOT)/Developer/Library/Frameworks",
					"$(inherited)",
				);
				GCC_PREPROCESSOR_DEFINITIONS = (
					"DEBUG=1",
					"$(inherited)",
				);
				INFOPLIST_FILE = Tests/Info.plist;
				LD_RUNPATH_SEARCH_PATHS = "$(inherited) @executable_path/Frameworks @loader_path/Frameworks";
				PRODUCT_BUNDLE_IDENTIFIER = "org.cocoapods.$(PRODUCT_NAME:rfc1034identifier)";
				PRODUCT_NAME = "$(TARGET_NAME)";
				SWIFT_SWIFT3_OBJC_INFERENCE = Default;
				SWIFT_VERSION = 4.0;
			};
			name = Debug;
		};
		607FACF41AFB9204008FA782 /* Release */ = {
			isa = XCBuildConfiguration;
			baseConfigurationReference = C2E263EECBD18AE0E7E45162 /* Pods-SwiftyCloudKit_Tests.release.xcconfig */;
			buildSettings = {
				DEVELOPMENT_TEAM = YT53AFQ724;
				FRAMEWORK_SEARCH_PATHS = (
					"$(SDKROOT)/Developer/Library/Frameworks",
					"$(inherited)",
				);
				INFOPLIST_FILE = Tests/Info.plist;
				LD_RUNPATH_SEARCH_PATHS = "$(inherited) @executable_path/Frameworks @loader_path/Frameworks";
				PRODUCT_BUNDLE_IDENTIFIER = "org.cocoapods.$(PRODUCT_NAME:rfc1034identifier)";
				PRODUCT_NAME = "$(TARGET_NAME)";
				SWIFT_SWIFT3_OBJC_INFERENCE = Default;
				SWIFT_VERSION = 4.0;
			};
			name = Release;
		};
		AD1C2D0D2032021900F0A646 /* Debug */ = {
			isa = XCBuildConfiguration;
			baseConfigurationReference = B192268517754873FD2F242B /* Pods-SwifyCloudKit_tvOS.debug.xcconfig */;
			buildSettings = {
				ASSETCATALOG_COMPILER_APPICON_NAME = "App Icon & Top Shelf Image";
				ASSETCATALOG_COMPILER_LAUNCHIMAGE_NAME = LaunchImage;
				CLANG_ANALYZER_NONNULL = YES;
				CLANG_ANALYZER_NUMBER_OBJECT_CONVERSION = YES_AGGRESSIVE;
				CLANG_CXX_LANGUAGE_STANDARD = "gnu++14";
				CLANG_WARN_DOCUMENTATION_COMMENTS = YES;
				CLANG_WARN_UNGUARDED_AVAILABILITY = YES_AGGRESSIVE;
				CODE_SIGN_ENTITLEMENTS = SwifyCloudKit_tvOS/SwifyCloudKit_tvOS.entitlements;
				CODE_SIGN_STYLE = Automatic;
				DEBUG_INFORMATION_FORMAT = dwarf;
				DEVELOPMENT_TEAM = YT53AFQ724;
				GCC_C_LANGUAGE_STANDARD = gnu11;
				INFOPLIST_FILE = SwifyCloudKit_tvOS/Info.plist;
				LD_RUNPATH_SEARCH_PATHS = "$(inherited) @executable_path/Frameworks";
				PRODUCT_BUNDLE_IDENTIFIER = "io.github.simengangstad.SwifyCloudKit-tvOS";
				PRODUCT_NAME = "$(TARGET_NAME)";
				SDKROOT = appletvos;
				SWIFT_ACTIVE_COMPILATION_CONDITIONS = DEBUG;
				SWIFT_VERSION = 4.0;
				TARGETED_DEVICE_FAMILY = 3;
				TVOS_DEPLOYMENT_TARGET = 10.0;
			};
			name = Debug;
		};
		AD1C2D0E2032021900F0A646 /* Release */ = {
			isa = XCBuildConfiguration;
			baseConfigurationReference = 2F881FC9397FFDC33A0755BC /* Pods-SwifyCloudKit_tvOS.release.xcconfig */;
			buildSettings = {
				ASSETCATALOG_COMPILER_APPICON_NAME = "App Icon & Top Shelf Image";
				ASSETCATALOG_COMPILER_LAUNCHIMAGE_NAME = LaunchImage;
				CLANG_ANALYZER_NONNULL = YES;
				CLANG_ANALYZER_NUMBER_OBJECT_CONVERSION = YES_AGGRESSIVE;
				CLANG_CXX_LANGUAGE_STANDARD = "gnu++14";
				CLANG_WARN_DOCUMENTATION_COMMENTS = YES;
				CLANG_WARN_UNGUARDED_AVAILABILITY = YES_AGGRESSIVE;
				CODE_SIGN_ENTITLEMENTS = SwifyCloudKit_tvOS/SwifyCloudKit_tvOS.entitlements;
				CODE_SIGN_STYLE = Automatic;
				DEVELOPMENT_TEAM = YT53AFQ724;
				GCC_C_LANGUAGE_STANDARD = gnu11;
				INFOPLIST_FILE = SwifyCloudKit_tvOS/Info.plist;
				LD_RUNPATH_SEARCH_PATHS = "$(inherited) @executable_path/Frameworks";
				PRODUCT_BUNDLE_IDENTIFIER = "io.github.simengangstad.SwifyCloudKit-tvOS";
				PRODUCT_NAME = "$(TARGET_NAME)";
				SDKROOT = appletvos;
				SWIFT_VERSION = 4.0;
				TARGETED_DEVICE_FAMILY = 3;
				TVOS_DEPLOYMENT_TARGET = 10.0;
			};
			name = Release;
		};
		ADEB6F93203CAB6D00C3C02D /* Debug */ = {
			isa = XCBuildConfiguration;
			baseConfigurationReference = 247BFA7D62E9451313631737 /* Pods-SwiftyCloudKit_watchOS.debug.xcconfig */;
			buildSettings = {
				ALWAYS_EMBED_SWIFT_STANDARD_LIBRARIES = YES;
				ASSETCATALOG_COMPILER_APPICON_NAME = AppIcon;
				CLANG_ANALYZER_NONNULL = YES;
				CLANG_ANALYZER_NUMBER_OBJECT_CONVERSION = YES_AGGRESSIVE;
				CLANG_CXX_LANGUAGE_STANDARD = "gnu++14";
				CLANG_WARN_DOCUMENTATION_COMMENTS = YES;
				CLANG_WARN_UNGUARDED_AVAILABILITY = YES_AGGRESSIVE;
				CODE_SIGN_STYLE = Automatic;
				DEBUG_INFORMATION_FORMAT = dwarf;
				DEVELOPMENT_TEAM = YT53AFQ724;
				GCC_C_LANGUAGE_STANDARD = gnu11;
				IBSC_MODULE = SwiftyCloudKit_watchOS_Extension;
				INFOPLIST_FILE = SwiftyCloudKit_watchOS/Info.plist;
				PRODUCT_BUNDLE_IDENTIFIER = io.github.simengangstad.swiftycloudkit.watchkitapp;
				PRODUCT_NAME = "$(TARGET_NAME)";
				SDKROOT = watchos;
				SKIP_INSTALL = YES;
				SWIFT_ACTIVE_COMPILATION_CONDITIONS = DEBUG;
				SWIFT_VERSION = 4.0;
				TARGETED_DEVICE_FAMILY = 4;
				WATCHOS_DEPLOYMENT_TARGET = 4.2;
			};
			name = Debug;
		};
		ADEB6F94203CAB6D00C3C02D /* Release */ = {
			isa = XCBuildConfiguration;
			baseConfigurationReference = C736D2DF8FEA85D4553C8FC3 /* Pods-SwiftyCloudKit_watchOS.release.xcconfig */;
			buildSettings = {
				ALWAYS_EMBED_SWIFT_STANDARD_LIBRARIES = YES;
				ASSETCATALOG_COMPILER_APPICON_NAME = AppIcon;
				CLANG_ANALYZER_NONNULL = YES;
				CLANG_ANALYZER_NUMBER_OBJECT_CONVERSION = YES_AGGRESSIVE;
				CLANG_CXX_LANGUAGE_STANDARD = "gnu++14";
				CLANG_WARN_DOCUMENTATION_COMMENTS = YES;
				CLANG_WARN_UNGUARDED_AVAILABILITY = YES_AGGRESSIVE;
				CODE_SIGN_STYLE = Automatic;
				DEVELOPMENT_TEAM = YT53AFQ724;
				GCC_C_LANGUAGE_STANDARD = gnu11;
				IBSC_MODULE = SwiftyCloudKit_watchOS_Extension;
				INFOPLIST_FILE = SwiftyCloudKit_watchOS/Info.plist;
				PRODUCT_BUNDLE_IDENTIFIER = io.github.simengangstad.swiftycloudkit.watchkitapp;
				PRODUCT_NAME = "$(TARGET_NAME)";
				SDKROOT = watchos;
				SKIP_INSTALL = YES;
				SWIFT_VERSION = 4.0;
				TARGETED_DEVICE_FAMILY = 4;
				WATCHOS_DEPLOYMENT_TARGET = 4.2;
			};
			name = Release;
		};
		ADEB6F95203CAB6D00C3C02D /* Debug */ = {
			isa = XCBuildConfiguration;
			baseConfigurationReference = F99CF0DD6B0AE39B4A9DD799 /* Pods-SwiftyCloudKit_watchOS Extension.debug.xcconfig */;
			buildSettings = {
				ASSETCATALOG_COMPILER_COMPLICATION_NAME = Complication;
				CLANG_ANALYZER_NONNULL = YES;
				CLANG_ANALYZER_NUMBER_OBJECT_CONVERSION = YES_AGGRESSIVE;
				CLANG_CXX_LANGUAGE_STANDARD = "gnu++14";
				CLANG_WARN_DOCUMENTATION_COMMENTS = YES;
				CLANG_WARN_UNGUARDED_AVAILABILITY = YES_AGGRESSIVE;
				CODE_SIGN_STYLE = Automatic;
				DEBUG_INFORMATION_FORMAT = dwarf;
				DEVELOPMENT_TEAM = YT53AFQ724;
				GCC_C_LANGUAGE_STANDARD = gnu11;
				INFOPLIST_FILE = "SwiftyCloudKit_watchOS Extension/Info.plist";
				LD_RUNPATH_SEARCH_PATHS = "$(inherited) @executable_path/Frameworks @executable_path/../../Frameworks";
				PRODUCT_BUNDLE_IDENTIFIER = io.github.simengangstad.swiftycloudkit.watchkitapp.watchkitextension;
				PRODUCT_NAME = "${TARGET_NAME}";
				SDKROOT = watchos;
				SKIP_INSTALL = YES;
				SWIFT_ACTIVE_COMPILATION_CONDITIONS = DEBUG;
				SWIFT_VERSION = 4.0;
				TARGETED_DEVICE_FAMILY = 4;
				WATCHOS_DEPLOYMENT_TARGET = 4.2;
			};
			name = Debug;
		};
		ADEB6F96203CAB6D00C3C02D /* Release */ = {
			isa = XCBuildConfiguration;
			baseConfigurationReference = 6D6702711362E780BB6710C6 /* Pods-SwiftyCloudKit_watchOS Extension.release.xcconfig */;
			buildSettings = {
				ASSETCATALOG_COMPILER_COMPLICATION_NAME = Complication;
				CLANG_ANALYZER_NONNULL = YES;
				CLANG_ANALYZER_NUMBER_OBJECT_CONVERSION = YES_AGGRESSIVE;
				CLANG_CXX_LANGUAGE_STANDARD = "gnu++14";
				CLANG_WARN_DOCUMENTATION_COMMENTS = YES;
				CLANG_WARN_UNGUARDED_AVAILABILITY = YES_AGGRESSIVE;
				CODE_SIGN_STYLE = Automatic;
				DEVELOPMENT_TEAM = YT53AFQ724;
				GCC_C_LANGUAGE_STANDARD = gnu11;
				INFOPLIST_FILE = "SwiftyCloudKit_watchOS Extension/Info.plist";
				LD_RUNPATH_SEARCH_PATHS = "$(inherited) @executable_path/Frameworks @executable_path/../../Frameworks";
				PRODUCT_BUNDLE_IDENTIFIER = io.github.simengangstad.swiftycloudkit.watchkitapp.watchkitextension;
				PRODUCT_NAME = "${TARGET_NAME}";
				SDKROOT = watchos;
				SKIP_INSTALL = YES;
				SWIFT_VERSION = 4.0;
				TARGETED_DEVICE_FAMILY = 4;
				WATCHOS_DEPLOYMENT_TARGET = 4.2;
			};
			name = Release;
		};
/* End XCBuildConfiguration section */

/* Begin XCConfigurationList section */
		607FACCB1AFB9204008FA782 /* Build configuration list for PBXProject "SwiftyCloudKit" */ = {
			isa = XCConfigurationList;
			buildConfigurations = (
				607FACED1AFB9204008FA782 /* Debug */,
				607FACEE1AFB9204008FA782 /* Release */,
			);
			defaultConfigurationIsVisible = 0;
			defaultConfigurationName = Release;
		};
		607FACEF1AFB9204008FA782 /* Build configuration list for PBXNativeTarget "SwiftyCloudKit_Example" */ = {
			isa = XCConfigurationList;
			buildConfigurations = (
				607FACF01AFB9204008FA782 /* Debug */,
				607FACF11AFB9204008FA782 /* Release */,
			);
			defaultConfigurationIsVisible = 0;
			defaultConfigurationName = Release;
		};
		607FACF21AFB9204008FA782 /* Build configuration list for PBXNativeTarget "SwiftyCloudKit_Tests" */ = {
			isa = XCConfigurationList;
			buildConfigurations = (
				607FACF31AFB9204008FA782 /* Debug */,
				607FACF41AFB9204008FA782 /* Release */,
			);
			defaultConfigurationIsVisible = 0;
			defaultConfigurationName = Release;
		};
		AD1C2D0F2032021900F0A646 /* Build configuration list for PBXNativeTarget "SwifyCloudKit_tvOS" */ = {
			isa = XCConfigurationList;
			buildConfigurations = (
				AD1C2D0D2032021900F0A646 /* Debug */,
				AD1C2D0E2032021900F0A646 /* Release */,
			);
			defaultConfigurationIsVisible = 0;
			defaultConfigurationName = Release;
		};
		ADEB6F97203CAB6D00C3C02D /* Build configuration list for PBXNativeTarget "SwiftyCloudKit_watchOS Extension" */ = {
			isa = XCConfigurationList;
			buildConfigurations = (
				ADEB6F95203CAB6D00C3C02D /* Debug */,
				ADEB6F96203CAB6D00C3C02D /* Release */,
			);
			defaultConfigurationIsVisible = 0;
			defaultConfigurationName = Release;
		};
		ADEB6F99203CAB6D00C3C02D /* Build configuration list for PBXNativeTarget "SwiftyCloudKit_watchOS" */ = {
			isa = XCConfigurationList;
			buildConfigurations = (
				ADEB6F93203CAB6D00C3C02D /* Debug */,
				ADEB6F94203CAB6D00C3C02D /* Release */,
			);
			defaultConfigurationIsVisible = 0;
			defaultConfigurationName = Release;
		};
/* End XCConfigurationList section */
	};
	rootObject = 607FACC81AFB9204008FA782 /* Project object */;
}
